
Microsoft Visual Studio Solution File, Format Version 12.00
# Visual Studio 15
VisualStudioVersion = 15.0.26430.14
MinimumVisualStudioVersion = 10.0.40219.1
Project("{8BC9CEB8-8B4A-11D0-8D11-00A0C91BC942}") = "Hiraeth", "Hiraeth\Hiraeth.vcxproj", "{055CEB59-757B-4F3F-B1A0-1D208452E355}"
	ProjectSection(ProjectDependencies) = postProject
		{DCE91167-8080-4243-A5A0-2D9B524C2F85} = {DCE91167-8080-4243-A5A0-2D9B524C2F85}
	EndProjectSection
EndProject
Project("{8BC9CEB8-8B4A-11D0-8D11-00A0C91BC942}") = "SerializeLib", "SerializeLib\SerializeLib.vcxproj", "{D7D76BDE-7DCA-40D5-92AF-F83EDE064043}"
EndProject
Project("{8BC9CEB8-8B4A-11D0-8D11-00A0C91BC942}") = "MathLib", "MathLib\MathLib.vcxproj", "{5CDB3164-3976-48B0-9569-B4770A4BB032}"
EndProject
Project("{8BC9CEB8-8B4A-11D0-8D11-00A0C91BC942}") = "Serializer", "Serializer\Serializer.vcxproj", "{DCE91167-8080-4243-A5A0-2D9B524C2F85}"
EndProject
Project("{8BC9CEB8-8B4A-11D0-8D11-00A0C91BC942}") = "MapCreator", "MapCreator\MapCreator.vcxproj", "{7171687A-C651-40C1-A1AC-FEE87DB762D3}"
EndProject
Project("{8BC9CEB8-8B4A-11D0-8D11-00A0C91BC942}") = "Server", "Server\Server.vcxproj", "{B42BA771-4537-4157-968D-34839EE4AF22}"
EndProject
Global
	GlobalSection(SolutionConfigurationPlatforms) = preSolution
		Debug|x64 = Debug|x64
		Debug|x86 = Debug|x86
		Release|x64 = Release|x64
		Release|x86 = Release|x86
	EndGlobalSection
	GlobalSection(ProjectConfigurationPlatforms) = postSolution
		{055CEB59-757B-4F3F-B1A0-1D208452E355}.Debug|x64.ActiveCfg = Debug|x64
		{055CEB59-757B-4F3F-B1A0-1D208452E355}.Debug|x64.Build.0 = Debug|x64
		{055CEB59-757B-4F3F-B1A0-1D208452E355}.Debug|x86.ActiveCfg = Debug|Win32
		{055CEB59-757B-4F3F-B1A0-1D208452E355}.Debug|x86.Build.0 = Debug|Win32
		{055CEB59-757B-4F3F-B1A0-1D208452E355}.Release|x64.ActiveCfg = Release|x64
		{055CEB59-757B-4F3F-B1A0-1D208452E355}.Release|x64.Build.0 = Release|x64
		{055CEB59-757B-4F3F-B1A0-1D208452E355}.Release|x86.ActiveCfg = Release|Win32
		{055CEB59-757B-4F3F-B1A0-1D208452E355}.Release|x86.Build.0 = Release|Win32
		{D7D76BDE-7DCA-40D5-92AF-F83EDE064043}.Debug|x64.ActiveCfg = Debug|x64
		{D7D76BDE-7DCA-40D5-92AF-F83EDE064043}.Debug|x64.Build.0 = Debug|x64
		{D7D76BDE-7DCA-40D5-92AF-F83EDE064043}.Debug|x86.ActiveCfg = Debug|Win32
		{D7D76BDE-7DCA-40D5-92AF-F83EDE064043}.Debug|x86.Build.0 = Debug|Win32
		{D7D76BDE-7DCA-40D5-92AF-F83EDE064043}.Release|x64.ActiveCfg = Release|x64
		{D7D76BDE-7DCA-40D5-92AF-F83EDE064043}.Release|x64.Build.0 = Release|x64
		{D7D76BDE-7DCA-40D5-92AF-F83EDE064043}.Release|x86.ActiveCfg = Release|Win32
		{D7D76BDE-7DCA-40D5-92AF-F83EDE064043}.Release|x86.Build.0 = Release|Win32
		{5CDB3164-3976-48B0-9569-B4770A4BB032}.Debug|x64.ActiveCfg = Debug|x64
		{5CDB3164-3976-48B0-9569-B4770A4BB032}.Debug|x64.Build.0 = Debug|x64
		{5CDB3164-3976-48B0-9569-B4770A4BB032}.Debug|x86.ActiveCfg = Debug|Win32
		{5CDB3164-3976-48B0-9569-B4770A4BB032}.Debug|x86.Build.0 = Debug|Win32
		{5CDB3164-3976-48B0-9569-B4770A4BB032}.Release|x64.ActiveCfg = Release|x64
		{5CDB3164-3976-48B0-9569-B4770A4BB032}.Release|x64.Build.0 = Release|x64
		{5CDB3164-3976-48B0-9569-B4770A4BB032}.Release|x86.ActiveCfg = Release|Win32
		{5CDB3164-3976-48B0-9569-B4770A4BB032}.Release|x86.Build.0 = Release|Win32
		{DCE91167-8080-4243-A5A0-2D9B524C2F85}.Debug|x64.ActiveCfg = Debug|x64
		{DCE91167-8080-4243-A5A0-2D9B524C2F85}.Debug|x64.Build.0 = Debug|x64
		{DCE91167-8080-4243-A5A0-2D9B524C2F85}.Debug|x86.ActiveCfg = Debug|Win32
		{DCE91167-8080-4243-A5A0-2D9B524C2F85}.Debug|x86.Build.0 = Debug|Win32
		{DCE91167-8080-4243-A5A0-2D9B524C2F85}.Release|x64.ActiveCfg = Release|x64
		{DCE91167-8080-4243-A5A0-2D9B524C2F85}.Release|x64.Build.0 = Release|x64
		{DCE91167-8080-4243-A5A0-2D9B524C2F85}.Release|x86.ActiveCfg = Release|Win32
		{DCE91167-8080-4243-A5A0-2D9B524C2F85}.Release|x86.Build.0 = Release|Win32
		{7171687A-C651-40C1-A1AC-FEE87DB762D3}.Debug|x64.ActiveCfg = Debug|x64
		{7171687A-C651-40C1-A1AC-FEE87DB762D3}.Debug|x64.Build.0 = Debug|x64
		{7171687A-C651-40C1-A1AC-FEE87DB762D3}.Debug|x86.ActiveCfg = Debug|Win32
		{7171687A-C651-40C1-A1AC-FEE87DB762D3}.Debug|x86.Build.0 = Debug|Win32
		{7171687A-C651-40C1-A1AC-FEE87DB762D3}.Release|x64.ActiveCfg = Release|x64
		{7171687A-C651-40C1-A1AC-FEE87DB762D3}.Release|x64.Build.0 = Release|x64
		{7171687A-C651-40C1-A1AC-FEE87DB762D3}.Release|x86.ActiveCfg = Release|Win32
		{7171687A-C651-40C1-A1AC-FEE87DB762D3}.Release|x86.Build.0 = Release|Win32
		{B42BA771-4537-4157-968D-34839EE4AF22}.Debug|x64.ActiveCfg = Debug|x64
		{B42BA771-4537-4157-968D-34839EE4AF22}.Debug|x64.Build.0 = Debug|x64
		{B42BA771-4537-4157-968D-34839EE4AF22}.Debug|x86.ActiveCfg = Debug|Win32
		{B42BA771-4537-4157-968D-34839EE4AF22}.Debug|x86.Build.0 = Debug|Win32
		{B42BA771-4537-4157-968D-34839EE4AF22}.Release|x64.ActiveCfg = Release|x64
		{B42BA771-4537-4157-968D-34839EE4AF22}.Release|x64.Build.0 = Release|x64
		{B42BA771-4537-4157-968D-34839EE4AF22}.Release|x86.ActiveCfg = Release|Win32
		{B42BA771-4537-4157-968D-34839EE4AF22}.Release|x86.Build.0 = Release|Win32
	EndGlobalSection
	GlobalSection(SolutionProperties) = preSolution
		HideSolutionNode = FALSE
	EndGlobalSection
	GlobalSection(ExtensibilityGlobals) = postSolution
		SolutionGuid = {51145DB9-3E3A-4332-98AD-D0753F30E96A}
	EndGlobalSection
EndGlobal
