<?xml version="1.0" encoding="utf-8"?>
<Project ToolsVersion="4.0" xmlns="http://schemas.microsoft.com/developer/msbuild/2003">
  <ItemGroup>
    <Filter Include="code_for_checks">
      <UniqueIdentifier>{565C0210-C2E7-6FD4-CBF8-F2C83703CCD4}</UniqueIdentifier>
    </Filter>
  </ItemGroup>
  <ItemGroup>
    <ClInclude Include="src\code_for_checks\equip_data_check.h">
      <Filter>code_for_checks</Filter>
    </ClInclude>
    <ClInclude Include="src\code_for_checks\item_data_check.h">
      <Filter>code_for_checks</Filter>
    </ClInclude>
    <ClInclude Include="src\code_for_checks\job_data_check.h">
      <Filter>code_for_checks</Filter>
    </ClInclude>
    <ClInclude Include="src\code_for_checks\monster_data_check.h">
      <Filter>code_for_checks</Filter>
    </ClInclude>
    <ClInclude Include="src\code_for_checks\npc_data_check.h">
      <Filter>code_for_checks</Filter>
    </ClInclude>
    <ClInclude Include="src\code_for_checks\quest_data_check.h">
      <Filter>code_for_checks</Filter>
    </ClInclude>
    <ClInclude Include="src\code_for_checks\skill_data_check.h">
      <Filter>code_for_checks</Filter>
    </ClInclude>
  </ItemGroup>
  <ItemGroup>
    <ClCompile Include="src\main.cpp" />
  </ItemGroup>
</Project>