<?xml version="1.0" encoding="utf-8"?>
<Project ToolsVersion="4.0" xmlns="http://schemas.microsoft.com/developer/msbuild/2003">
  <ItemGroup>
    <Filter Include="utills">
      <UniqueIdentifier>{621E3921-4EC0-63F7-377B-774B23BCEA47}</UniqueIdentifier>
    </Filter>
  </ItemGroup>
  <ItemGroup>
    <ClInclude Include="src\address.h" />
    <ClInclude Include="src\db_client.h" />
    <ClInclude Include="src\handler.h" />
    <ClInclude Include="src\item_funcs.h" />
    <ClInclude Include="src\map_holder.h" />
    <ClInclude Include="src\mob_manager.h" />
    <ClInclude Include="src\npc_logic.h" />
    <ClInclude Include="src\server.h" />
    <ClInclude Include="src\socket.h" />
    <ClInclude Include="src\socket_handler.h" />
    <ClInclude Include="src\utills\a_timer.h">
      <Filter>utills</Filter>
    </ClInclude>
    <ClInclude Include="src\utills\static_timer.h">
      <Filter>utills</Filter>
    </ClInclude>
    <ClInclude Include="src\utills\timer.h">
      <Filter>utills</Filter>
    </ClInclude>
  </ItemGroup>
  <ItemGroup>
    <ClCompile Include="src\address.cpp" />
    <ClCompile Include="src\main.cpp" />
    <ClCompile Include="src\map_holder.cpp" />
    <ClCompile Include="src\server.cpp" />
    <ClCompile Include="src\server_msgs_handling.cpp" />
    <ClCompile Include="src\socket.cpp" />
    <ClCompile Include="src\socket_handler.cpp" />
    <ClCompile Include="src\utills\static_timer.cpp">
      <Filter>utills</Filter>
    </ClCompile>
    <ClCompile Include="src\utills\timer.cpp">
      <Filter>utills</Filter>
    </ClCompile>
  </ItemGroup>
</Project>