<?xml version="1.0" encoding="utf-8"?>
<Project ToolsVersion="4.0" xmlns="http://schemas.microsoft.com/developer/msbuild/2003">
  <ItemGroup>
    <Filter Include="ext">
      <UniqueIdentifier>{7670880B-E279-887C-6BF5-9E7CD7FD937C}</UniqueIdentifier>
    </Filter>
    <Filter Include="ext\freetype-gl">
      <UniqueIdentifier>{6904AADC-D58F-17A1-DEA0-9A954AAB73A1}</UniqueIdentifier>
    </Filter>
    <Filter Include="src">
      <UniqueIdentifier>{2DAB880B-99B4-887C-2230-9F7C8E38947C}</UniqueIdentifier>
    </Filter>
    <Filter Include="src\NPC">
      <UniqueIdentifier>{DD952FA9-4975-AE44-528D-391BBEEB14A6}</UniqueIdentifier>
    </Filter>
    <Filter Include="src\UI">
      <UniqueIdentifier>{3A4B661C-26ED-90F2-0FA8-A446FBE81743}</UniqueIdentifier>
    </Filter>
    <Filter Include="src\UI\ui_basic">
      <UniqueIdentifier>{A81E6046-14AA-CD0A-1DBB-50FF89C5290B}</UniqueIdentifier>
    </Filter>
    <Filter Include="src\audio">
      <UniqueIdentifier>{0E37D9B4-7AA1-8D2B-C3DF-3ED12F896B80}</UniqueIdentifier>
    </Filter>
    <Filter Include="src\basic">
      <UniqueIdentifier>{BE97E0B4-2A02-952B-7340-46D1DFE97280}</UniqueIdentifier>
    </Filter>
    <Filter Include="src\character">
      <UniqueIdentifier>{69C58574-D585-01AB-9EC0-4A280A404687}</UniqueIdentifier>
    </Filter>
    <Filter Include="src\editor">
      <UniqueIdentifier>{E3072458-CFBF-65A5-38C7-3E01249E0096}</UniqueIdentifier>
    </Filter>
    <Filter Include="src\game">
      <UniqueIdentifier>{165530CF-0222-8BDA-2B3B-79821767C068}</UniqueIdentifier>
    </Filter>
    <Filter Include="src\game\monsters">
      <UniqueIdentifier>{60F8A224-CC0E-A1BA-1586-2CDC81DB7142}</UniqueIdentifier>
    </Filter>
    <Filter Include="src\game\net_chars">
      <UniqueIdentifier>{1C21F090-0805-B1E6-7165-AB395D689B68}</UniqueIdentifier>
    </Filter>
    <Filter Include="src\game\stats">
      <UniqueIdentifier>{140DE29C-00DB-D5A2-E96E-46C9D5DBB107}</UniqueIdentifier>
    </Filter>
    <Filter Include="src\graphics">
      <UniqueIdentifier>{2DF282EC-1955-1291-C2DA-4A47AE1CDE13}</UniqueIdentifier>
    </Filter>
    <Filter Include="src\graphics\buffers">
      <UniqueIdentifier>{C926715B-B5B5-FA24-5ED4-0E204A420BCB}</UniqueIdentifier>
    </Filter>
    <Filter Include="src\graphics\layers">
      <UniqueIdentifier>{6CC80E6E-D829-EC7B-6197-322ECDF7223B}</UniqueIdentifier>
    </Filter>
    <Filter Include="src\item">
      <UniqueIdentifier>{ABBD31CF-978A-8CDA-C0A3-7A82ACCFC168}</UniqueIdentifier>
    </Filter>
    <Filter Include="src\keyboard">
      <UniqueIdentifier>{6D5ED7EB-59C1-6690-0247-9F46EE883213}</UniqueIdentifier>
    </Filter>
    <Filter Include="src\map">
      <UniqueIdentifier>{1A1C30A9-86FB-AE44-8F13-3A1BFB7115A6}</UniqueIdentifier>
    </Filter>
    <Filter Include="src\network">
      <UniqueIdentifier>{C6028F14-32B8-070A-BBAC-01E12761FE0D}</UniqueIdentifier>
    </Filter>
    <Filter Include="src\physics">
      <UniqueIdentifier>{BF23DBB5-2BD9-53AB-B4CD-4D8220824AAF}</UniqueIdentifier>
    </Filter>
    <Filter Include="src\quest">
      <UniqueIdentifier>{AEC4FAB5-1A2F-AF2C-636D-60D2CF168D81}</UniqueIdentifier>
    </Filter>
    <Filter Include="src\save">
      <UniqueIdentifier>{CBEA36CF-B7B7-91DA-E0D0-7F82CCFCC668}</UniqueIdentifier>
    </Filter>
    <Filter Include="src\skills">
      <UniqueIdentifier>{CEC94A79-BA81-8CC6-2389-65220F6027B7}</UniqueIdentifier>
    </Filter>
    <Filter Include="src\utils">
      <UniqueIdentifier>{6DAA42B6-D914-F72C-2253-A8D28EFCD481}</UniqueIdentifier>
    </Filter>
    <Filter Include="src\view">
      <UniqueIdentifier>{D7AF38CF-C37C-93DA-EC95-8182D8C1C868}</UniqueIdentifier>
    </Filter>
  </ItemGroup>
  <ItemGroup>
    <ClInclude Include="ext\freetype-gl\distance-field.h">
      <Filter>ext\freetype-gl</Filter>
    </ClInclude>
    <ClInclude Include="ext\freetype-gl\edtaa3func.h">
      <Filter>ext\freetype-gl</Filter>
    </ClInclude>
    <ClInclude Include="ext\freetype-gl\freetype-gl.h">
      <Filter>ext\freetype-gl</Filter>
    </ClInclude>
    <ClInclude Include="ext\freetype-gl\opengl.h">
      <Filter>ext\freetype-gl</Filter>
    </ClInclude>
    <ClInclude Include="ext\freetype-gl\platform.h">
      <Filter>ext\freetype-gl</Filter>
    </ClInclude>
    <ClInclude Include="ext\freetype-gl\texture-atlas.h">
      <Filter>ext\freetype-gl</Filter>
    </ClInclude>
    <ClInclude Include="ext\freetype-gl\texture-font.h">
      <Filter>ext\freetype-gl</Filter>
    </ClInclude>
    <ClInclude Include="ext\freetype-gl\utf8-utils.h">
      <Filter>ext\freetype-gl</Filter>
    </ClInclude>
    <ClInclude Include="ext\freetype-gl\vec234.h">
      <Filter>ext\freetype-gl</Filter>
    </ClInclude>
    <ClInclude Include="ext\freetype-gl\vector.h">
      <Filter>ext\freetype-gl</Filter>
    </ClInclude>
    <ClInclude Include="src\NPC\dialog_manager.h">
      <Filter>src\NPC</Filter>
    </ClInclude>
    <ClInclude Include="src\NPC\npc.h">
      <Filter>src\NPC</Filter>
    </ClInclude>
    <ClInclude Include="src\NPC\npc_manager.h">
      <Filter>src\NPC</Filter>
    </ClInclude>
    <ClInclude Include="src\NPC\text_button.h">
      <Filter>src\NPC</Filter>
    </ClInclude>
    <ClInclude Include="src\UI\main_ui.h">
      <Filter>src\UI</Filter>
    </ClInclude>
    <ClInclude Include="src\UI\ui_basic\ui_button.h">
      <Filter>src\UI\ui_basic</Filter>
    </ClInclude>
    <ClInclude Include="src\UI\ui_basic\ui_button_basic.h">
      <Filter>src\UI\ui_basic</Filter>
    </ClInclude>
    <ClInclude Include="src\UI\ui_basic\ui_button_flashing.h">
      <Filter>src\UI\ui_basic</Filter>
    </ClInclude>
    <ClInclude Include="src\UI\ui_basic\ui_button_normal.h">
      <Filter>src\UI\ui_basic</Filter>
    </ClInclude>
    <ClInclude Include="src\UI\ui_basic\ui_button_side_menu.h">
      <Filter>src\UI\ui_basic</Filter>
    </ClInclude>
    <ClInclude Include="src\UI\ui_basic\ui_tab.h">
      <Filter>src\UI\ui_basic</Filter>
    </ClInclude>
    <ClInclude Include="src\UI\ui_basic\ui_tab_inventory.h">
      <Filter>src\UI\ui_basic</Filter>
    </ClInclude>
    <ClInclude Include="src\UI\ui_basic\ui_tab_quests.h">
      <Filter>src\UI\ui_basic</Filter>
    </ClInclude>
    <ClInclude Include="src\UI\ui_basic\ui_tabs.h">
      <Filter>src\UI\ui_basic</Filter>
    </ClInclude>
    <ClInclude Include="src\UI\ui_equip.h">
      <Filter>src\UI</Filter>
    </ClInclude>
    <ClInclude Include="src\UI\ui_inventory.h">
      <Filter>src\UI</Filter>
    </ClInclude>
    <ClInclude Include="src\UI\ui_keyconfig.h">
      <Filter>src\UI</Filter>
    </ClInclude>
    <ClInclude Include="src\UI\ui_keyconfig_icon.h">
      <Filter>src\UI</Filter>
    </ClInclude>
    <ClInclude Include="src\UI\ui_manager.h">
      <Filter>src\UI</Filter>
    </ClInclude>
    <ClInclude Include="src\UI\ui_party.h">
      <Filter>src\UI</Filter>
    </ClInclude>
    <ClInclude Include="src\UI\ui_quests.h">
      <Filter>src\UI</Filter>
    </ClInclude>
    <ClInclude Include="src\UI\ui_shop.h">
      <Filter>src\UI</Filter>
    </ClInclude>
    <ClInclude Include="src\UI\ui_skills.h">
      <Filter>src\UI</Filter>
    </ClInclude>
    <ClInclude Include="src\UI\ui_stats.h">
      <Filter>src\UI</Filter>
    </ClInclude>
    <ClInclude Include="src\UI\ui_trade.h">
      <Filter>src\UI</Filter>
    </ClInclude>
    <ClInclude Include="src\UI\ui_window.h">
      <Filter>src\UI</Filter>
    </ClInclude>
    <ClInclude Include="src\audio\sound.h">
      <Filter>src\audio</Filter>
    </ClInclude>
    <ClInclude Include="src\audio\sound_manager.h">
      <Filter>src\audio</Filter>
    </ClInclude>
    <ClInclude Include="src\basic\EventManager.h">
      <Filter>src\basic</Filter>
    </ClInclude>
    <ClInclude Include="src\basic\a_timer.h">
      <Filter>src\basic</Filter>
    </ClInclude>
    <ClInclude Include="src\basic\char_handler.h">
      <Filter>src\basic</Filter>
    </ClInclude>
    <ClInclude Include="src\basic\drawable.h">
      <Filter>src\basic</Filter>
    </ClInclude>
    <ClInclude Include="src\basic\log.h">
      <Filter>src\basic</Filter>
    </ClInclude>
    <ClInclude Include="src\basic\network_handler.h">
      <Filter>src\basic</Filter>
    </ClInclude>
    <ClInclude Include="src\basic\updatable.h">
      <Filter>src\basic</Filter>
    </ClInclude>
    <ClInclude Include="src\character\character_arm.h">
      <Filter>src\character</Filter>
    </ClInclude>
    <ClInclude Include="src\character\character_body.h">
      <Filter>src\character</Filter>
    </ClInclude>
    <ClInclude Include="src\editor\editor.h">
      <Filter>src\editor</Filter>
    </ClInclude>
    <ClInclude Include="src\editor\map_controller.h">
      <Filter>src\editor</Filter>
    </ClInclude>
    <ClInclude Include="src\editor\mob_animation.h">
      <Filter>src\editor</Filter>
    </ClInclude>
    <ClInclude Include="src\editor\mob_controller.h">
      <Filter>src\editor</Filter>
    </ClInclude>
    <ClInclude Include="src\game\base_creature.h">
      <Filter>src\game</Filter>
    </ClInclude>
    <ClInclude Include="src\game\base_projectile.h">
      <Filter>src\game</Filter>
    </ClInclude>
    <ClInclude Include="src\game\character.h">
      <Filter>src\game</Filter>
    </ClInclude>
    <ClInclude Include="src\game\character_graphics.h">
      <Filter>src\game</Filter>
    </ClInclude>
    <ClInclude Include="src\game\character_stats.h">
      <Filter>src\game</Filter>
    </ClInclude>
    <ClInclude Include="src\game\creature.h">
      <Filter>src\game</Filter>
    </ClInclude>
    <ClInclude Include="src\game\monsters\monster.h">
      <Filter>src\game\monsters</Filter>
    </ClInclude>
    <ClInclude Include="src\game\monsters\monster_data_manager.h">
      <Filter>src\game\monsters</Filter>
    </ClInclude>
    <ClInclude Include="src\game\monsters\monster_manager.h">
      <Filter>src\game\monsters</Filter>
    </ClInclude>
    <ClInclude Include="src\game\monsters\monster_stats.h">
      <Filter>src\game\monsters</Filter>
    </ClInclude>
    <ClInclude Include="src\game\net_chars\net_char.h">
      <Filter>src\game\net_chars</Filter>
    </ClInclude>
    <ClInclude Include="src\game\net_chars\net_char_manager.h">
      <Filter>src\game\net_chars</Filter>
    </ClInclude>
    <ClInclude Include="src\game\projectile.h">
      <Filter>src\game</Filter>
    </ClInclude>
    <ClInclude Include="src\game\stats.h">
      <Filter>src\game</Filter>
    </ClInclude>
    <ClInclude Include="src\game\stats\timed_stat.h">
      <Filter>src\game\stats</Filter>
    </ClInclude>
    <ClInclude Include="src\game\straight_projectile.h">
      <Filter>src\game</Filter>
    </ClInclude>
    <ClInclude Include="src\game\targeted_projectile.h">
      <Filter>src\game</Filter>
    </ClInclude>
    <ClInclude Include="src\graphics\box_textured.h">
      <Filter>src\graphics</Filter>
    </ClInclude>
    <ClInclude Include="src\graphics\box_textured_full.h">
      <Filter>src\graphics</Filter>
    </ClInclude>
    <ClInclude Include="src\graphics\buffers\buffer.h">
      <Filter>src\graphics\buffers</Filter>
    </ClInclude>
    <ClInclude Include="src\graphics\buffers\indexbuffer.h">
      <Filter>src\graphics\buffers</Filter>
    </ClInclude>
    <ClInclude Include="src\graphics\buffers\vertexarray.h">
      <Filter>src\graphics\buffers</Filter>
    </ClInclude>
    <ClInclude Include="src\graphics\font.h">
      <Filter>src\graphics</Filter>
    </ClInclude>
    <ClInclude Include="src\graphics\font_manager.h">
      <Filter>src\graphics</Filter>
    </ClInclude>
    <ClInclude Include="src\graphics\label.h">
      <Filter>src\graphics</Filter>
    </ClInclude>
    <ClInclude Include="src\graphics\layers\group.h">
      <Filter>src\graphics\layers</Filter>
    </ClInclude>
    <ClInclude Include="src\graphics\layers\layer.h">
      <Filter>src\graphics\layers</Filter>
    </ClInclude>
    <ClInclude Include="src\graphics\layers\mt_group.h">
      <Filter>src\graphics\layers</Filter>
    </ClInclude>
    <ClInclude Include="src\graphics\layers\t_group.h">
      <Filter>src\graphics\layers</Filter>
    </ClInclude>
    <ClInclude Include="src\graphics\layers\tilelayer.h">
      <Filter>src\graphics\layers</Filter>
    </ClInclude>
    <ClInclude Include="src\graphics\percented_sprite.h">
      <Filter>src\graphics</Filter>
    </ClInclude>
    <ClInclude Include="src\graphics\renderable.h">
      <Filter>src\graphics</Filter>
    </ClInclude>
    <ClInclude Include="src\graphics\renderer.h">
      <Filter>src\graphics</Filter>
    </ClInclude>
    <ClInclude Include="src\graphics\shader.h">
      <Filter>src\graphics</Filter>
    </ClInclude>
    <ClInclude Include="src\graphics\sprite.h">
      <Filter>src\graphics</Filter>
    </ClInclude>
    <ClInclude Include="src\graphics\sprited_renderable.h">
      <Filter>src\graphics</Filter>
    </ClInclude>
    <ClInclude Include="src\graphics\text_box.h">
      <Filter>src\graphics</Filter>
    </ClInclude>
    <ClInclude Include="src\graphics\texture.h">
      <Filter>src\graphics</Filter>
    </ClInclude>
    <ClInclude Include="src\graphics\texture_manager.h">
      <Filter>src\graphics</Filter>
    </ClInclude>
    <ClInclude Include="src\graphics\window.h">
      <Filter>src\graphics</Filter>
    </ClInclude>
    <ClInclude Include="src\hrth_pch.h">
      <Filter>src</Filter>
    </ClInclude>
    <ClInclude Include="src\item\equip_item.h">
      <Filter>src\item</Filter>
    </ClInclude>
    <ClInclude Include="src\item\item_data_manager.h">
      <Filter>src\item</Filter>
    </ClInclude>
    <ClInclude Include="src\item\item_drop.h">
      <Filter>src\item</Filter>
    </ClInclude>
    <ClInclude Include="src\item\item_hold.h">
      <Filter>src\item</Filter>
    </ClInclude>
    <ClInclude Include="src\item\item_manager.h">
      <Filter>src\item</Filter>
    </ClInclude>
    <ClInclude Include="src\item\use_item.h">
      <Filter>src\item</Filter>
    </ClInclude>
    <ClInclude Include="src\keyboard\key.h">
      <Filter>src\keyboard</Filter>
    </ClInclude>
    <ClInclude Include="src\keyboard\keyboard.h">
      <Filter>src\keyboard</Filter>
    </ClInclude>
    <ClInclude Include="src\keyboard\keyboard_event.h">
      <Filter>src\keyboard</Filter>
    </ClInclude>
    <ClInclude Include="src\keyboard\mouse_event.h">
      <Filter>src\keyboard</Filter>
    </ClInclude>
    <ClInclude Include="src\map\map.h">
      <Filter>src\map</Filter>
    </ClInclude>
    <ClInclude Include="src\map\maplayer.h">
      <Filter>src\map</Filter>
    </ClInclude>
    <ClInclude Include="src\map\maprenderable.h">
      <Filter>src\map</Filter>
    </ClInclude>
    <ClInclude Include="src\map\maprenderer.h">
      <Filter>src\map</Filter>
    </ClInclude>
    <ClInclude Include="src\map\portal.h">
      <Filter>src\map</Filter>
    </ClInclude>
    <ClInclude Include="src\map\tile.h">
      <Filter>src\map</Filter>
    </ClInclude>
    <ClInclude Include="src\network\client_handler.h">
      <Filter>src\network</Filter>
    </ClInclude>
    <ClInclude Include="src\physics\collisionable.h">
      <Filter>src\physics</Filter>
    </ClInclude>
    <ClInclude Include="src\physics\foothold.h">
      <Filter>src\physics</Filter>
    </ClInclude>
    <ClInclude Include="src\quest\quest_label.h">
      <Filter>src\quest</Filter>
    </ClInclude>
    <ClInclude Include="src\quest\quest_manager.h">
      <Filter>src\quest</Filter>
    </ClInclude>
    <ClInclude Include="src\save\serializer.h">
      <Filter>src\save</Filter>
    </ClInclude>
    <ClInclude Include="src\skills\skill_icon.h">
      <Filter>src\skills</Filter>
    </ClInclude>
    <ClInclude Include="src\skills\skill_manager.h">
      <Filter>src\skills</Filter>
    </ClInclude>
    <ClInclude Include="src\skills\top_right_icon.h">
      <Filter>src\skills</Filter>
    </ClInclude>
    <ClInclude Include="src\utils\fileutils.h">
      <Filter>src\utils</Filter>
    </ClInclude>
    <ClInclude Include="src\utils\static_timer.h">
      <Filter>src\utils</Filter>
    </ClInclude>
    <ClInclude Include="src\utils\timer.h">
      <Filter>src\utils</Filter>
    </ClInclude>
    <ClInclude Include="src\view\camera.h">
      <Filter>src\view</Filter>
    </ClInclude>
  </ItemGroup>
  <ItemGroup>
    <ClCompile Include="ext\freetype-gl\distance-field.c">
      <Filter>ext\freetype-gl</Filter>
    </ClCompile>
    <ClCompile Include="ext\freetype-gl\edtaa3func.c">
      <Filter>ext\freetype-gl</Filter>
    </ClCompile>
    <ClCompile Include="ext\freetype-gl\platform.c">
      <Filter>ext\freetype-gl</Filter>
    </ClCompile>
    <ClCompile Include="ext\freetype-gl\texture-atlas.c">
      <Filter>ext\freetype-gl</Filter>
    </ClCompile>
    <ClCompile Include="ext\freetype-gl\texture-font.c">
      <Filter>ext\freetype-gl</Filter>
    </ClCompile>
    <ClCompile Include="ext\freetype-gl\utf8-utils.c">
      <Filter>ext\freetype-gl</Filter>
    </ClCompile>
    <ClCompile Include="ext\freetype-gl\vector.c">
      <Filter>ext\freetype-gl</Filter>
    </ClCompile>
    <ClCompile Include="src\NPC\npc_manager.cpp">
      <Filter>src\NPC</Filter>
    </ClCompile>
    <ClCompile Include="src\UI\main_ui.cpp">
      <Filter>src\UI</Filter>
    </ClCompile>
    <ClCompile Include="src\UI\ui_equip.cpp">
      <Filter>src\UI</Filter>
    </ClCompile>
    <ClCompile Include="src\UI\ui_inventory.cpp">
      <Filter>src\UI</Filter>
    </ClCompile>
    <ClCompile Include="src\UI\ui_keyconfig.cpp">
      <Filter>src\UI</Filter>
    </ClCompile>
    <ClCompile Include="src\UI\ui_manager.cpp">
      <Filter>src\UI</Filter>
    </ClCompile>
    <ClCompile Include="src\UI\ui_party.cpp">
      <Filter>src\UI</Filter>
    </ClCompile>
    <ClCompile Include="src\UI\ui_quests.cpp">
      <Filter>src\UI</Filter>
    </ClCompile>
    <ClCompile Include="src\UI\ui_skills.cpp">
      <Filter>src\UI</Filter>
    </ClCompile>
    <ClCompile Include="src\UI\ui_stats.cpp">
      <Filter>src\UI</Filter>
    </ClCompile>
    <ClCompile Include="src\UI\ui_trade.cpp">
      <Filter>src\UI</Filter>
    </ClCompile>
    <ClCompile Include="src\UI\ui_window.cpp">
      <Filter>src\UI</Filter>
    </ClCompile>
    <ClCompile Include="src\audio\sound.cpp">
      <Filter>src\audio</Filter>
    </ClCompile>
    <ClCompile Include="src\audio\sound_manager.cpp">
      <Filter>src\audio</Filter>
    </ClCompile>
    <ClCompile Include="src\basic\EventManager.cpp">
      <Filter>src\basic</Filter>
    </ClCompile>
    <ClCompile Include="src\basic\char_handler.cpp">
      <Filter>src\basic</Filter>
    </ClCompile>
    <ClCompile Include="src\basic\log.cpp">
      <Filter>src\basic</Filter>
    </ClCompile>
    <ClCompile Include="src\basic\network_handler.cpp">
      <Filter>src\basic</Filter>
    </ClCompile>
    <ClCompile Include="src\character\character_arm.cpp">
      <Filter>src\character</Filter>
    </ClCompile>
    <ClCompile Include="src\character\character_body.cpp">
      <Filter>src\character</Filter>
    </ClCompile>
    <ClCompile Include="src\editor\map_controller.cpp">
      <Filter>src\editor</Filter>
    </ClCompile>
    <ClCompile Include="src\game\base_creature.cpp">
      <Filter>src\game</Filter>
    </ClCompile>
    <ClCompile Include="src\game\character.cpp">
      <Filter>src\game</Filter>
    </ClCompile>
    <ClCompile Include="src\game\character_stats.cpp">
      <Filter>src\game</Filter>
    </ClCompile>
    <ClCompile Include="src\game\creature.cpp">
      <Filter>src\game</Filter>
    </ClCompile>
    <ClCompile Include="src\game\monsters\monster.cpp">
      <Filter>src\game\monsters</Filter>
    </ClCompile>
    <ClCompile Include="src\game\monsters\monster_data_manager.cpp">
      <Filter>src\game\monsters</Filter>
    </ClCompile>
    <ClCompile Include="src\game\monsters\monster_manager.cpp">
      <Filter>src\game\monsters</Filter>
    </ClCompile>
    <ClCompile Include="src\game\monsters\monster_stats.cpp">
      <Filter>src\game\monsters</Filter>
    </ClCompile>
    <ClCompile Include="src\game\net_chars\net_char.cpp">
      <Filter>src\game\net_chars</Filter>
    </ClCompile>
    <ClCompile Include="src\graphics\buffers\buffer.cpp">
      <Filter>src\graphics\buffers</Filter>
    </ClCompile>
    <ClCompile Include="src\graphics\buffers\indexbuffer.cpp">
      <Filter>src\graphics\buffers</Filter>
    </ClCompile>
    <ClCompile Include="src\graphics\buffers\vertexarray.cpp">
      <Filter>src\graphics\buffers</Filter>
    </ClCompile>
    <ClCompile Include="src\graphics\font.cpp">
      <Filter>src\graphics</Filter>
    </ClCompile>
    <ClCompile Include="src\graphics\font_manager.cpp">
      <Filter>src\graphics</Filter>
    </ClCompile>
    <ClCompile Include="src\graphics\label.cpp">
      <Filter>src\graphics</Filter>
    </ClCompile>
    <ClCompile Include="src\graphics\layers\group.cpp">
      <Filter>src\graphics\layers</Filter>
    </ClCompile>
    <ClCompile Include="src\graphics\layers\tilelayer.cpp">
      <Filter>src\graphics\layers</Filter>
    </ClCompile>
    <ClCompile Include="src\graphics\renderer.cpp">
      <Filter>src\graphics</Filter>
    </ClCompile>
    <ClCompile Include="src\graphics\shader.cpp">
      <Filter>src\graphics</Filter>
    </ClCompile>
    <ClCompile Include="src\graphics\sprite.cpp">
      <Filter>src\graphics</Filter>
    </ClCompile>
    <ClCompile Include="src\graphics\sprited_renderable.cpp">
      <Filter>src\graphics</Filter>
    </ClCompile>
    <ClCompile Include="src\graphics\texture.cpp">
      <Filter>src\graphics</Filter>
    </ClCompile>
    <ClCompile Include="src\graphics\texture_manager.cpp">
      <Filter>src\graphics</Filter>
    </ClCompile>
    <ClCompile Include="src\graphics\window.cpp">
      <Filter>src\graphics</Filter>
    </ClCompile>
    <ClCompile Include="src\hrth_pch.cpp">
      <Filter>src</Filter>
    </ClCompile>
    <ClCompile Include="src\item\item_data_manager.cpp">
      <Filter>src\item</Filter>
    </ClCompile>
    <ClCompile Include="src\item\item_drop.cpp">
      <Filter>src\item</Filter>
    </ClCompile>
    <ClCompile Include="src\item\item_hoid.cpp">
      <Filter>src\item</Filter>
    </ClCompile>
    <ClCompile Include="src\item\item_manager.cpp">
      <Filter>src\item</Filter>
    </ClCompile>
    <ClCompile Include="src\keyboard\key.cpp">
      <Filter>src\keyboard</Filter>
    </ClCompile>
    <ClCompile Include="src\keyboard\keyboard.cpp">
      <Filter>src\keyboard</Filter>
    </ClCompile>
    <ClCompile Include="src\main.cpp">
      <Filter>src</Filter>
    </ClCompile>
    <ClCompile Include="src\map\map.cpp">
      <Filter>src\map</Filter>
    </ClCompile>
    <ClCompile Include="src\map\maplayer.cpp">
      <Filter>src\map</Filter>
    </ClCompile>
    <ClCompile Include="src\map\maprenderer.cpp">
      <Filter>src\map</Filter>
    </ClCompile>
    <ClCompile Include="src\map\portal.cpp">
      <Filter>src\map</Filter>
    </ClCompile>
    <ClCompile Include="src\map\tile.cpp">
      <Filter>src\map</Filter>
    </ClCompile>
    <ClCompile Include="src\network\client_handler.cpp">
      <Filter>src\network</Filter>
    </ClCompile>
    <ClCompile Include="src\physics\collisionable.cpp">
      <Filter>src\physics</Filter>
    </ClCompile>
    <ClCompile Include="src\physics\foothold.cpp">
      <Filter>src\physics</Filter>
    </ClCompile>
    <ClCompile Include="src\save\serializer.cpp">
      <Filter>src\save</Filter>
    </ClCompile>
    <ClCompile Include="src\utils\static_timer.cpp">
      <Filter>src\utils</Filter>
    </ClCompile>
    <ClCompile Include="src\utils\timer.cpp">
      <Filter>src\utils</Filter>
    </ClCompile>
    <ClCompile Include="src\view\camera.cpp">
      <Filter>src\view</Filter>
    </ClCompile>
  </ItemGroup>
</Project>