<?xml version="1.0" encoding="utf-8"?>
<Project ToolsVersion="4.0" xmlns="http://schemas.microsoft.com/developer/msbuild/2003">
  <ItemGroup>
    <Filter Include="Source Files">
      <UniqueIdentifier>{4FC737F1-C7A5-4376-A066-2A32D752A2FF}</UniqueIdentifier>
      <Extensions>cpp;c;cc;cxx;def;odl;idl;hpj;bat;asm;asmx</Extensions>
    </Filter>
    <Filter Include="Header Files">
      <UniqueIdentifier>{93995380-89BD-4b04-88EB-625FBE52EBFB}</UniqueIdentifier>
      <Extensions>h;hh;hpp;hxx;hm;inl;inc;ipp;xsd</Extensions>
    </Filter>
    <Filter Include="Resource Files">
      <UniqueIdentifier>{67DA6AB6-F800-4c08-8B7A-83BB121AAD01}</UniqueIdentifier>
      <Extensions>rc;ico;cur;bmp;dlg;rc2;rct;bin;rgs;gif;jpg;jpeg;jpe;resx;tiff;tif;png;wav;mfcribbon-ms</Extensions>
    </Filter>
  </ItemGroup>
  <ItemGroup>
    <ClCompile Include="graphics\buffers\buffer.cpp">
      <Filter>Source Files</Filter>
    </ClCompile>
    <ClCompile Include="graphics\buffers\indexbuffer.cpp">
      <Filter>Source Files</Filter>
    </ClCompile>
    <ClCompile Include="graphics\buffers\vertexarray.cpp">
      <Filter>Source Files</Filter>
    </ClCompile>
    <ClCompile Include="graphics\layers\group.cpp">
      <Filter>Source Files</Filter>
    </ClCompile>
    <ClCompile Include="graphics\layers\tilelayer.cpp">
      <Filter>Source Files</Filter>
    </ClCompile>
    <ClCompile Include="graphics\font.cpp">
      <Filter>Source Files</Filter>
    </ClCompile>
    <ClCompile Include="graphics\font_manager.cpp">
      <Filter>Source Files</Filter>
    </ClCompile>
    <ClCompile Include="graphics\label.cpp">
      <Filter>Source Files</Filter>
    </ClCompile>
    <ClCompile Include="graphics\renderer.cpp">
      <Filter>Source Files</Filter>
    </ClCompile>
    <ClCompile Include="graphics\shader.cpp">
      <Filter>Source Files</Filter>
    </ClCompile>
    <ClCompile Include="graphics\sprite.cpp">
      <Filter>Source Files</Filter>
    </ClCompile>
    <ClCompile Include="graphics\sprited_renderable.cpp">
      <Filter>Source Files</Filter>
    </ClCompile>
    <ClCompile Include="graphics\texture.cpp">
      <Filter>Source Files</Filter>
    </ClCompile>
    <ClCompile Include="graphics\texture_manager.cpp">
      <Filter>Source Files</Filter>
    </ClCompile>
    <ClCompile Include="graphics\window.cpp">
      <Filter>Source Files</Filter>
    </ClCompile>
    <ClCompile Include="input\key.cpp">
      <Filter>Source Files</Filter>
    </ClCompile>
    <ClCompile Include="input\keyboard.cpp">
      <Filter>Source Files</Filter>
    </ClCompile>
    <ClCompile Include="ext\freetype-gl\distance-field.c">
      <Filter>Source Files</Filter>
    </ClCompile>
    <ClCompile Include="ext\freetype-gl\edtaa3func.c">
      <Filter>Source Files</Filter>
    </ClCompile>
    <ClCompile Include="ext\freetype-gl\platform.c">
      <Filter>Source Files</Filter>
    </ClCompile>
    <ClCompile Include="ext\freetype-gl\texture-atlas.c">
      <Filter>Source Files</Filter>
    </ClCompile>
    <ClCompile Include="ext\freetype-gl\texture-font.c">
      <Filter>Source Files</Filter>
    </ClCompile>
    <ClCompile Include="ext\freetype-gl\utf8-utils.c">
      <Filter>Source Files</Filter>
    </ClCompile>
    <ClCompile Include="ext\freetype-gl\vector.c">
      <Filter>Source Files</Filter>
    </ClCompile>
    <ClCompile Include="view\camera.cpp">
      <Filter>Source Files</Filter>
    </ClCompile>
    <ClCompile Include="utils\static_timer.cpp">
      <Filter>Source Files</Filter>
    </ClCompile>
    <ClCompile Include="utils\timer.cpp">
      <Filter>Source Files</Filter>
    </ClCompile>
  </ItemGroup>
  <ItemGroup>
    <ClInclude Include="graphics\buffers\buffer.h">
      <Filter>Header Files</Filter>
    </ClInclude>
    <ClInclude Include="graphics\buffers\indexbuffer.h">
      <Filter>Header Files</Filter>
    </ClInclude>
    <ClInclude Include="graphics\buffers\vertexarray.h">
      <Filter>Header Files</Filter>
    </ClInclude>
    <ClInclude Include="graphics\layers\group.h">
      <Filter>Header Files</Filter>
    </ClInclude>
    <ClInclude Include="graphics\layers\layer.h">
      <Filter>Header Files</Filter>
    </ClInclude>
    <ClInclude Include="graphics\layers\t_group.h">
      <Filter>Header Files</Filter>
    </ClInclude>
    <ClInclude Include="graphics\layers\tilelayer.h">
      <Filter>Header Files</Filter>
    </ClInclude>
    <ClInclude Include="graphics\font.h">
      <Filter>Header Files</Filter>
    </ClInclude>
    <ClInclude Include="graphics\font_manager.h">
      <Filter>Header Files</Filter>
    </ClInclude>
    <ClInclude Include="graphics\label.h">
      <Filter>Header Files</Filter>
    </ClInclude>
    <ClInclude Include="graphics\percented_sprite.h">
      <Filter>Header Files</Filter>
    </ClInclude>
    <ClInclude Include="graphics\renderable.h">
      <Filter>Header Files</Filter>
    </ClInclude>
    <ClInclude Include="graphics\renderer.h">
      <Filter>Header Files</Filter>
    </ClInclude>
    <ClInclude Include="graphics\shader.h">
      <Filter>Header Files</Filter>
    </ClInclude>
    <ClInclude Include="graphics\sprite.h">
      <Filter>Header Files</Filter>
    </ClInclude>
    <ClInclude Include="graphics\sprited_renderable.h">
      <Filter>Header Files</Filter>
    </ClInclude>
    <ClInclude Include="graphics\texture.h">
      <Filter>Header Files</Filter>
    </ClInclude>
    <ClInclude Include="graphics\texture_manager.h">
      <Filter>Header Files</Filter>
    </ClInclude>
    <ClInclude Include="graphics\window.h">
      <Filter>Header Files</Filter>
    </ClInclude>
    <ClInclude Include="input\key.h">
      <Filter>Header Files</Filter>
    </ClInclude>
    <ClInclude Include="input\keyboard.h">
      <Filter>Header Files</Filter>
    </ClInclude>
    <ClInclude Include="input\keyboard_event.h">
      <Filter>Header Files</Filter>
    </ClInclude>
    <ClInclude Include="input\mouse_event.h">
      <Filter>Header Files</Filter>
    </ClInclude>
    <ClInclude Include="ext\freetype-gl\distance-field.h">
      <Filter>Header Files</Filter>
    </ClInclude>
    <ClInclude Include="ext\freetype-gl\edtaa3func.h">
      <Filter>Header Files</Filter>
    </ClInclude>
    <ClInclude Include="ext\freetype-gl\freetype-gl.h">
      <Filter>Header Files</Filter>
    </ClInclude>
    <ClInclude Include="ext\freetype-gl\opengl.h">
      <Filter>Header Files</Filter>
    </ClInclude>
    <ClInclude Include="ext\freetype-gl\platform.h">
      <Filter>Header Files</Filter>
    </ClInclude>
    <ClInclude Include="ext\freetype-gl\texture-atlas.h">
      <Filter>Header Files</Filter>
    </ClInclude>
    <ClInclude Include="ext\freetype-gl\texture-font.h">
      <Filter>Header Files</Filter>
    </ClInclude>
    <ClInclude Include="ext\freetype-gl\utf8-utils.h">
      <Filter>Header Files</Filter>
    </ClInclude>
    <ClInclude Include="ext\freetype-gl\vec234.h">
      <Filter>Header Files</Filter>
    </ClInclude>
    <ClInclude Include="ext\freetype-gl\vector.h">
      <Filter>Header Files</Filter>
    </ClInclude>
    <ClInclude Include="basic\a_timer.h">
      <Filter>Header Files</Filter>
    </ClInclude>
    <ClInclude Include="basic\drawable.h">
      <Filter>Header Files</Filter>
    </ClInclude>
    <ClInclude Include="basic\updatable.h">
      <Filter>Header Files</Filter>
    </ClInclude>
    <ClInclude Include="utils\fileutils.h">
      <Filter>Header Files</Filter>
    </ClInclude>
    <ClInclude Include="view\camera.h">
      <Filter>Header Files</Filter>
    </ClInclude>
    <ClInclude Include="utils\static_timer.h">
      <Filter>Header Files</Filter>
    </ClInclude>
    <ClInclude Include="utils\timer.h">
      <Filter>Header Files</Filter>
    </ClInclude>
  </ItemGroup>
</Project>